
Microsoft Visual Studio Solution File, Format Version 12.00
# Visual Studio 14
VisualStudioVersion = 14.0.25123.0
MinimumVisualStudioVersion = 10.0.40219.1
Project("{FAE04EC0-301F-11D3-BF4B-00C04F79EFBC}") = "ConsoleApplicationSecond", "day2\ConsoleApplicationSecond.csproj", "{E64ABB95-43F4-495D-9EDB-128DBB4913AB}"
EndProject
Project("{FAE04EC0-301F-11D3-BF4B-00C04F79EFBC}") = "App2", "day3\App2.csproj", "{95B7E376-50C3-4AB4-B9BB-EE98F4A84859}"
EndProject
Project("{FAE04EC0-301F-11D3-BF4B-00C04F79EFBC}") = "Grades", "Grades\Grades.csproj", "{1CDFF69E-9DB3-4C40-9A80-42A29D5ABC84}"
EndProject
Project("{FAE04EC0-301F-11D3-BF4B-00C04F79EFBC}") = "MathCalc", "..\Desktop\CsharpAA\MathCalc\MathCalc.csproj", "{755365CA-4EEB-40E9-9741-3A7E46B7C8D4}"
EndProject
Project("{FAE04EC0-301F-11D3-BF4B-00C04F79EFBC}") = "SortArray", "..\Desktop\SortArray\SortArray.csproj", "{6537DA4B-2487-4AD5-A4BD-1CB2C9177538}"
EndProject
Project("{FAE04EC0-301F-11D3-BF4B-00C04F79EFBC}") = "StringBuilderDemo", "..\Desktop\CsharpAA\StringBuilderDemo\StringBuilderDemo.csproj", "{B3667A3B-B0C9-4AF0-B3C4-5C069D4533E1}"
EndProject
Project("{FAE04EC0-301F-11D3-BF4B-00C04F79EFBC}") = "InterfaceDemo", "..\Desktop\CsharpAA\InterfaceDemo\InterfaceDemo.csproj", "{528458E0-F06B-412B-874E-4C4231CD3B65}"
EndProject
Project("{FAE04EC0-301F-11D3-BF4B-00C04F79EFBC}") = "SecondDaySW", "SecondDaySW\SecondDaySW.csproj", "{F9A217D4-A2DA-4755-8FBB-D9F56C64C947}"
EndProject
Project("{FAE04EC0-301F-11D3-BF4B-00C04F79EFBC}") = "Events", "Events\Events.csproj", "{3624ABC8-1425-4B68-B77E-0E84B8FB529B}"
EndProject
Project("{FAE04EC0-301F-11D3-BF4B-00C04F79EFBC}") = "MyList", "MyList\MyList.csproj", "{71F2B44E-E756-43DB-ABCE-200BA78CA851}"
EndProject
Project("{FAE04EC0-301F-11D3-BF4B-00C04F79EFBC}") = "Generics", "Generics\Generics.csproj", "{08E6D5A4-D417-4CAB-8917-BBBF0F1EB215}"
EndProject
Project("{FAE04EC0-301F-11D3-BF4B-00C04F79EFBC}") = "GenericList", "GenericList\GenericList.csproj", "{63D200BA-21AF-4017-9024-00B2DDECF50A}"
EndProject
Project("{FAE04EC0-301F-11D3-BF4B-00C04F79EFBC}") = "GenericListV", "GenericListV\GenericListV.csproj", "{18539F6C-0984-4930-BCFF-41324FAA28D2}"
EndProject
Project("{FAE04EC0-301F-11D3-BF4B-00C04F79EFBC}") = "GenericListLast", "GenericListLast\GenericListLast.csproj", "{537D6AB6-A000-4EA7-A8F2-81395C064B6B}"
EndProject
Project("{FAE04EC0-301F-11D3-BF4B-00C04F79EFBC}") = "DictionariDemo", "DictionariDemo\DictionariDemo.csproj", "{1AD5950C-B9F0-4698-B81A-E8622CD78EFF}"
EndProject
Project("{FAE04EC0-301F-11D3-BF4B-00C04F79EFBC}") = "WordsCount", "WordsCount\WordsCount.csproj", "{D93D06BA-1942-4B67-80A2-35B440D66AE0}"
EndProject
Project("{FAE04EC0-301F-11D3-BF4B-00C04F79EFBC}") = "WordsCounter", "WordsCounter\WordsCounter.csproj", "{8D9CD92D-2035-4A29-A3F6-68644DA393B4}"
EndProject
Project("{FAE04EC0-301F-11D3-BF4B-00C04F79EFBC}") = "HashSets", "HashSets\HashSets.csproj", "{04AE5197-74B8-48F3-B7BB-356A7A442C1F}"
EndProject
Project("{FAE04EC0-301F-11D3-BF4B-00C04F79EFBC}") = "SortedCollection", "SortedCollection\SortedCollection.csproj", "{715AC757-3F5A-4BFE-A273-34436B4243FE}"
EndProject
Project("{FAE04EC0-301F-11D3-BF4B-00C04F79EFBC}") = "XMLDemo", "XMLDemo\XMLDemo.csproj", "{4EE86302-4516-4694-801E-862779AFD9F7}"
EndProject
Project("{FAE04EC0-301F-11D3-BF4B-00C04F79EFBC}") = "XMLStudents", "XMLStudents\XMLStudents.csproj", "{89EC2950-2273-41EB-A1F5-874EB3A34CC0}"
EndProject
Project("{FAE04EC0-301F-11D3-BF4B-00C04F79EFBC}") = "JSONSerialization", "JSONSerialization\JSONSerialization.csproj", "{FB35112B-0B0B-4F68-B34E-6D279A069333}"
EndProject
Project("{FAE04EC0-301F-11D3-BF4B-00C04F79EFBC}") = "PhoneBookTask", "PhoneBookTask\PhoneBookTask.csproj", "{74119F1B-97ED-4396-ABE1-5E2AC52991E1}"
EndProject
Project("{FAE04EC0-301F-11D3-BF4B-00C04F79EFBC}") = "PhoneBookTask.Tests", "PhoneBookTask.Tests\PhoneBookTask.Tests.csproj", "{A872F475-D477-4011-B7BE-0BC8A2E1D627}"
EndProject
Project("{FAE04EC0-301F-11D3-BF4B-00C04F79EFBC}") = "PhoneBookDirectory", "PhoneBookDirectory\PhoneBookDirectory.csproj", "{0FBA9BD9-3DAB-4477-B130-988C85736D18}"
EndProject
Global
	GlobalSection(SolutionConfigurationPlatforms) = preSolution
		Debug|Any CPU = Debug|Any CPU
		Release|Any CPU = Release|Any CPU
	EndGlobalSection
	GlobalSection(ProjectConfigurationPlatforms) = postSolution
		{E64ABB95-43F4-495D-9EDB-128DBB4913AB}.Debug|Any CPU.ActiveCfg = Debug|Any CPU
		{E64ABB95-43F4-495D-9EDB-128DBB4913AB}.Debug|Any CPU.Build.0 = Debug|Any CPU
		{E64ABB95-43F4-495D-9EDB-128DBB4913AB}.Release|Any CPU.ActiveCfg = Release|Any CPU
		{E64ABB95-43F4-495D-9EDB-128DBB4913AB}.Release|Any CPU.Build.0 = Release|Any CPU
		{95B7E376-50C3-4AB4-B9BB-EE98F4A84859}.Debug|Any CPU.ActiveCfg = Debug|Any CPU
		{95B7E376-50C3-4AB4-B9BB-EE98F4A84859}.Debug|Any CPU.Build.0 = Debug|Any CPU
		{95B7E376-50C3-4AB4-B9BB-EE98F4A84859}.Release|Any CPU.ActiveCfg = Release|Any CPU
		{95B7E376-50C3-4AB4-B9BB-EE98F4A84859}.Release|Any CPU.Build.0 = Release|Any CPU
		{1CDFF69E-9DB3-4C40-9A80-42A29D5ABC84}.Debug|Any CPU.ActiveCfg = Debug|Any CPU
		{1CDFF69E-9DB3-4C40-9A80-42A29D5ABC84}.Debug|Any CPU.Build.0 = Debug|Any CPU
		{1CDFF69E-9DB3-4C40-9A80-42A29D5ABC84}.Release|Any CPU.ActiveCfg = Release|Any CPU
		{1CDFF69E-9DB3-4C40-9A80-42A29D5ABC84}.Release|Any CPU.Build.0 = Release|Any CPU
		{755365CA-4EEB-40E9-9741-3A7E46B7C8D4}.Debug|Any CPU.ActiveCfg = Debug|Any CPU
		{755365CA-4EEB-40E9-9741-3A7E46B7C8D4}.Debug|Any CPU.Build.0 = Debug|Any CPU
		{755365CA-4EEB-40E9-9741-3A7E46B7C8D4}.Release|Any CPU.ActiveCfg = Release|Any CPU
		{755365CA-4EEB-40E9-9741-3A7E46B7C8D4}.Release|Any CPU.Build.0 = Release|Any CPU
		{6537DA4B-2487-4AD5-A4BD-1CB2C9177538}.Debug|Any CPU.ActiveCfg = Debug|Any CPU
		{6537DA4B-2487-4AD5-A4BD-1CB2C9177538}.Debug|Any CPU.Build.0 = Debug|Any CPU
		{6537DA4B-2487-4AD5-A4BD-1CB2C9177538}.Release|Any CPU.ActiveCfg = Release|Any CPU
		{6537DA4B-2487-4AD5-A4BD-1CB2C9177538}.Release|Any CPU.Build.0 = Release|Any CPU
		{B3667A3B-B0C9-4AF0-B3C4-5C069D4533E1}.Debug|Any CPU.ActiveCfg = Debug|Any CPU
		{B3667A3B-B0C9-4AF0-B3C4-5C069D4533E1}.Debug|Any CPU.Build.0 = Debug|Any CPU
		{B3667A3B-B0C9-4AF0-B3C4-5C069D4533E1}.Release|Any CPU.ActiveCfg = Release|Any CPU
		{B3667A3B-B0C9-4AF0-B3C4-5C069D4533E1}.Release|Any CPU.Build.0 = Release|Any CPU
		{528458E0-F06B-412B-874E-4C4231CD3B65}.Debug|Any CPU.ActiveCfg = Debug|Any CPU
		{528458E0-F06B-412B-874E-4C4231CD3B65}.Debug|Any CPU.Build.0 = Debug|Any CPU
		{528458E0-F06B-412B-874E-4C4231CD3B65}.Release|Any CPU.ActiveCfg = Release|Any CPU
		{528458E0-F06B-412B-874E-4C4231CD3B65}.Release|Any CPU.Build.0 = Release|Any CPU
		{F9A217D4-A2DA-4755-8FBB-D9F56C64C947}.Debug|Any CPU.ActiveCfg = Debug|Any CPU
		{F9A217D4-A2DA-4755-8FBB-D9F56C64C947}.Debug|Any CPU.Build.0 = Debug|Any CPU
		{F9A217D4-A2DA-4755-8FBB-D9F56C64C947}.Release|Any CPU.ActiveCfg = Release|Any CPU
		{F9A217D4-A2DA-4755-8FBB-D9F56C64C947}.Release|Any CPU.Build.0 = Release|Any CPU
		{3624ABC8-1425-4B68-B77E-0E84B8FB529B}.Debug|Any CPU.ActiveCfg = Debug|Any CPU
		{3624ABC8-1425-4B68-B77E-0E84B8FB529B}.Debug|Any CPU.Build.0 = Debug|Any CPU
		{3624ABC8-1425-4B68-B77E-0E84B8FB529B}.Release|Any CPU.ActiveCfg = Release|Any CPU
		{3624ABC8-1425-4B68-B77E-0E84B8FB529B}.Release|Any CPU.Build.0 = Release|Any CPU
		{71F2B44E-E756-43DB-ABCE-200BA78CA851}.Debug|Any CPU.ActiveCfg = Debug|Any CPU
		{71F2B44E-E756-43DB-ABCE-200BA78CA851}.Debug|Any CPU.Build.0 = Debug|Any CPU
		{71F2B44E-E756-43DB-ABCE-200BA78CA851}.Release|Any CPU.ActiveCfg = Release|Any CPU
		{71F2B44E-E756-43DB-ABCE-200BA78CA851}.Release|Any CPU.Build.0 = Release|Any CPU
		{08E6D5A4-D417-4CAB-8917-BBBF0F1EB215}.Debug|Any CPU.ActiveCfg = Debug|Any CPU
		{08E6D5A4-D417-4CAB-8917-BBBF0F1EB215}.Debug|Any CPU.Build.0 = Debug|Any CPU
		{08E6D5A4-D417-4CAB-8917-BBBF0F1EB215}.Release|Any CPU.ActiveCfg = Release|Any CPU
		{08E6D5A4-D417-4CAB-8917-BBBF0F1EB215}.Release|Any CPU.Build.0 = Release|Any CPU
		{63D200BA-21AF-4017-9024-00B2DDECF50A}.Debug|Any CPU.ActiveCfg = Debug|Any CPU
		{63D200BA-21AF-4017-9024-00B2DDECF50A}.Debug|Any CPU.Build.0 = Debug|Any CPU
		{63D200BA-21AF-4017-9024-00B2DDECF50A}.Release|Any CPU.ActiveCfg = Release|Any CPU
		{63D200BA-21AF-4017-9024-00B2DDECF50A}.Release|Any CPU.Build.0 = Release|Any CPU
		{18539F6C-0984-4930-BCFF-41324FAA28D2}.Debug|Any CPU.ActiveCfg = Debug|Any CPU
		{18539F6C-0984-4930-BCFF-41324FAA28D2}.Debug|Any CPU.Build.0 = Debug|Any CPU
		{18539F6C-0984-4930-BCFF-41324FAA28D2}.Release|Any CPU.ActiveCfg = Release|Any CPU
		{18539F6C-0984-4930-BCFF-41324FAA28D2}.Release|Any CPU.Build.0 = Release|Any CPU
		{537D6AB6-A000-4EA7-A8F2-81395C064B6B}.Debug|Any CPU.ActiveCfg = Debug|Any CPU
		{537D6AB6-A000-4EA7-A8F2-81395C064B6B}.Debug|Any CPU.Build.0 = Debug|Any CPU
		{537D6AB6-A000-4EA7-A8F2-81395C064B6B}.Release|Any CPU.ActiveCfg = Release|Any CPU
		{537D6AB6-A000-4EA7-A8F2-81395C064B6B}.Release|Any CPU.Build.0 = Release|Any CPU
		{1AD5950C-B9F0-4698-B81A-E8622CD78EFF}.Debug|Any CPU.ActiveCfg = Debug|Any CPU
		{1AD5950C-B9F0-4698-B81A-E8622CD78EFF}.Debug|Any CPU.Build.0 = Debug|Any CPU
		{1AD5950C-B9F0-4698-B81A-E8622CD78EFF}.Release|Any CPU.ActiveCfg = Release|Any CPU
		{1AD5950C-B9F0-4698-B81A-E8622CD78EFF}.Release|Any CPU.Build.0 = Release|Any CPU
		{D93D06BA-1942-4B67-80A2-35B440D66AE0}.Debug|Any CPU.ActiveCfg = Debug|Any CPU
		{D93D06BA-1942-4B67-80A2-35B440D66AE0}.Debug|Any CPU.Build.0 = Debug|Any CPU
		{D93D06BA-1942-4B67-80A2-35B440D66AE0}.Release|Any CPU.ActiveCfg = Release|Any CPU
		{D93D06BA-1942-4B67-80A2-35B440D66AE0}.Release|Any CPU.Build.0 = Release|Any CPU
		{8D9CD92D-2035-4A29-A3F6-68644DA393B4}.Debug|Any CPU.ActiveCfg = Debug|Any CPU
		{8D9CD92D-2035-4A29-A3F6-68644DA393B4}.Debug|Any CPU.Build.0 = Debug|Any CPU
		{8D9CD92D-2035-4A29-A3F6-68644DA393B4}.Release|Any CPU.ActiveCfg = Release|Any CPU
		{8D9CD92D-2035-4A29-A3F6-68644DA393B4}.Release|Any CPU.Build.0 = Release|Any CPU
		{04AE5197-74B8-48F3-B7BB-356A7A442C1F}.Debug|Any CPU.ActiveCfg = Debug|Any CPU
		{04AE5197-74B8-48F3-B7BB-356A7A442C1F}.Debug|Any CPU.Build.0 = Debug|Any CPU
		{04AE5197-74B8-48F3-B7BB-356A7A442C1F}.Release|Any CPU.ActiveCfg = Release|Any CPU
		{04AE5197-74B8-48F3-B7BB-356A7A442C1F}.Release|Any CPU.Build.0 = Release|Any CPU
		{715AC757-3F5A-4BFE-A273-34436B4243FE}.Debug|Any CPU.ActiveCfg = Debug|Any CPU
		{715AC757-3F5A-4BFE-A273-34436B4243FE}.Debug|Any CPU.Build.0 = Debug|Any CPU
		{715AC757-3F5A-4BFE-A273-34436B4243FE}.Release|Any CPU.ActiveCfg = Release|Any CPU
		{715AC757-3F5A-4BFE-A273-34436B4243FE}.Release|Any CPU.Build.0 = Release|Any CPU
		{4EE86302-4516-4694-801E-862779AFD9F7}.Debug|Any CPU.ActiveCfg = Debug|Any CPU
		{4EE86302-4516-4694-801E-862779AFD9F7}.Debug|Any CPU.Build.0 = Debug|Any CPU
		{4EE86302-4516-4694-801E-862779AFD9F7}.Release|Any CPU.ActiveCfg = Release|Any CPU
		{4EE86302-4516-4694-801E-862779AFD9F7}.Release|Any CPU.Build.0 = Release|Any CPU
		{89EC2950-2273-41EB-A1F5-874EB3A34CC0}.Debug|Any CPU.ActiveCfg = Debug|Any CPU
		{89EC2950-2273-41EB-A1F5-874EB3A34CC0}.Debug|Any CPU.Build.0 = Debug|Any CPU
		{89EC2950-2273-41EB-A1F5-874EB3A34CC0}.Release|Any CPU.ActiveCfg = Release|Any CPU
		{89EC2950-2273-41EB-A1F5-874EB3A34CC0}.Release|Any CPU.Build.0 = Release|Any CPU
		{FB35112B-0B0B-4F68-B34E-6D279A069333}.Debug|Any CPU.ActiveCfg = Debug|Any CPU
		{FB35112B-0B0B-4F68-B34E-6D279A069333}.Debug|Any CPU.Build.0 = Debug|Any CPU
		{FB35112B-0B0B-4F68-B34E-6D279A069333}.Release|Any CPU.ActiveCfg = Release|Any CPU
		{FB35112B-0B0B-4F68-B34E-6D279A069333}.Release|Any CPU.Build.0 = Release|Any CPU
		{74119F1B-97ED-4396-ABE1-5E2AC52991E1}.Debug|Any CPU.ActiveCfg = Debug|Any CPU
		{74119F1B-97ED-4396-ABE1-5E2AC52991E1}.Debug|Any CPU.Build.0 = Debug|Any CPU
		{74119F1B-97ED-4396-ABE1-5E2AC52991E1}.Release|Any CPU.ActiveCfg = Release|Any CPU
		{74119F1B-97ED-4396-ABE1-5E2AC52991E1}.Release|Any CPU.Build.0 = Release|Any CPU
		{A872F475-D477-4011-B7BE-0BC8A2E1D627}.Debug|Any CPU.ActiveCfg = Debug|Any CPU
		{A872F475-D477-4011-B7BE-0BC8A2E1D627}.Debug|Any CPU.Build.0 = Debug|Any CPU
		{A872F475-D477-4011-B7BE-0BC8A2E1D627}.Release|Any CPU.ActiveCfg = Release|Any CPU
		{A872F475-D477-4011-B7BE-0BC8A2E1D627}.Release|Any CPU.Build.0 = Release|Any CPU
		{0FBA9BD9-3DAB-4477-B130-988C85736D18}.Debug|Any CPU.ActiveCfg = Debug|Any CPU
		{0FBA9BD9-3DAB-4477-B130-988C85736D18}.Debug|Any CPU.Build.0 = Debug|Any CPU
		{0FBA9BD9-3DAB-4477-B130-988C85736D18}.Release|Any CPU.ActiveCfg = Release|Any CPU
		{0FBA9BD9-3DAB-4477-B130-988C85736D18}.Release|Any CPU.Build.0 = Release|Any CPU
	EndGlobalSection
	GlobalSection(SolutionProperties) = preSolution
		HideSolutionNode = FALSE
	EndGlobalSection
EndGlobal
